<?xml version="1.0" encoding="utf-8"?>
<Project ToolsVersion="4.0" xmlns="http://schemas.microsoft.com/developer/msbuild/2003">
  <ItemGroup>
    <Filter Include="Source Files">
      <UniqueIdentifier>{4FC737F1-C7A5-4376-A066-2A32D752A2FF}</UniqueIdentifier>
      <Extensions>cpp;c;cc;cxx;c++;cppm;ixx;def;odl;idl;hpj;bat;asm;asmx</Extensions>
    </Filter>
    <Filter Include="Resource Files">
      <UniqueIdentifier>{67DA6AB6-F800-4c08-8B7A-83BB121AAD01}</UniqueIdentifier>
      <Extensions>rc;ico;cur;bmp;dlg;rc2;rct;bin;rgs;gif;jpg;jpeg;jpe;resx;tiff;tif;png;wav;mfcribbon-ms</Extensions>
    </Filter>
    <Filter Include="Memory">
      <UniqueIdentifier>{597c2314-423b-4d4e-a6c7-79b87fcfe2d4}</UniqueIdentifier>
    </Filter>
    <Filter Include="Menu">
      <UniqueIdentifier>{3efb4da5-96b7-4411-a2ea-9e69a0bf9af0}</UniqueIdentifier>
    </Filter>
    <Filter Include="Features">
      <UniqueIdentifier>{82ab07b7-cba1-4e22-b0a1-2f6b00e9827a}</UniqueIdentifier>
    </Filter>
  </ItemGroup>
  <ItemGroup>
    <ClCompile Include="main.cpp">
      <Filter>Source Files</Filter>
    </ClCompile>
    <ClCompile Include="Memory.cpp">
      <Filter>Memory</Filter>
    </ClCompile>
    <ClCompile Include="pch.cpp">
      <Filter>Resource Files</Filter>
    </ClCompile>
    <ClCompile Include="Menu.cpp">
      <Filter>Menu</Filter>
    </ClCompile>
    <ClCompile Include="Features.cpp">
      <Filter>Features</Filter>
    </ClCompile>
  </ItemGroup>
  <ItemGroup>
    <ClInclude Include="Memory.h">
      <Filter>Memory</Filter>
    </ClInclude>
    <ClInclude Include="pch.h">
      <Filter>Resource Files</Filter>
    </ClInclude>
    <ClInclude Include="Menu.h">
      <Filter>Menu</Filter>
    </ClInclude>
    <ClInclude Include="Features.h">
      <Filter>Features</Filter>
    </ClInclude>
  </ItemGroup>
</Project>